annotated-types==0.7.0
ast-serialize==0.6.0
build==1.5.0
colorama==0.4.6
coverage==7.15.2
iniconfig==2.3.0
librt==0.13.0
mypy==2.3.0
mypy-extensions==1.1.0
packaging==26.2
pathspec==1.1.1
pluggy==1.6.0
pydantic==2.13.4
pydantic-core==2.46.4
Pygments==2.20.0
pyproject-hooks==1.2.0
pytest==9.1.1
pytest-cov==7.1.0
pytest-timeout==2.4.0
PyYAML==6.0.3
ruff==0.15.22
typing-extensions==4.16.0
typing-inspection==0.4.2
